
Microsoft Visual Studio Solution File, Format Version 12.00
# Visual Studio 2013
VisualStudioVersion = 12.0.21005.1
MinimumVisualStudioVersion = 10.0.40219.1
Project("{FAE04EC0-301F-11D3-BF4B-00C04F79EFBC}") = "Customer", "Customer\Customer.csproj", "{D7508857-006B-41DD-8F93-205EC31B893D}"
EndProject
Project("{FAE04EC0-301F-11D3-BF4B-00C04F79EFBC}") = "StringDisperser", "StringDisperser\StringDisperser.csproj", "{7925F38B-8275-4995-BF94-22E8F2812EC6}"
EndProject
Project("{FAE04EC0-301F-11D3-BF4B-00C04F79EFBC}") = "CustomTree", "CustomTree\CustomTree.csproj", "{EF6B98FE-A771-43EE-AE2E-BA84DCF466C6}"
EndProject
Global
	GlobalSection(SolutionConfigurationPlatforms) = preSolution
		Debug|Any CPU = Debug|Any CPU
		Release|Any CPU = Release|Any CPU
	EndGlobalSection
	GlobalSection(ProjectConfigurationPlatforms) = postSolution
		{D7508857-006B-41DD-8F93-205EC31B893D}.Debug|Any CPU.ActiveCfg = Debug|Any CPU
		{D7508857-006B-41DD-8F93-205EC31B893D}.Debug|Any CPU.Build.0 = Debug|Any CPU
		{D7508857-006B-41DD-8F93-205EC31B893D}.Release|Any CPU.ActiveCfg = Release|Any CPU
		{D7508857-006B-41DD-8F93-205EC31B893D}.Release|Any CPU.Build.0 = Release|Any CPU
		{7925F38B-8275-4995-BF94-22E8F2812EC6}.Debug|Any CPU.ActiveCfg = Debug|Any CPU
		{7925F38B-8275-4995-BF94-22E8F2812EC6}.Debug|Any CPU.Build.0 = Debug|Any CPU
		{7925F38B-8275-4995-BF94-22E8F2812EC6}.Release|Any CPU.ActiveCfg = Release|Any CPU
		{7925F38B-8275-4995-BF94-22E8F2812EC6}.Release|Any CPU.Build.0 = Release|Any CPU
		{EF6B98FE-A771-43EE-AE2E-BA84DCF466C6}.Debug|Any CPU.ActiveCfg = Debug|Any CPU
		{EF6B98FE-A771-43EE-AE2E-BA84DCF466C6}.Debug|Any CPU.Build.0 = Debug|Any CPU
		{EF6B98FE-A771-43EE-AE2E-BA84DCF466C6}.Release|Any CPU.ActiveCfg = Release|Any CPU
		{EF6B98FE-A771-43EE-AE2E-BA84DCF466C6}.Release|Any CPU.Build.0 = Release|Any CPU
	EndGlobalSection
	GlobalSection(SolutionProperties) = preSolution
		HideSolutionNode = FALSE
	EndGlobalSection
EndGlobal
